<?xml version="1.0" encoding="UTF-8" standalone="yes" ?>
<CodeBlocks_project_file>
	<FileVersion major="1" minor="6" />
	<Project>
		<Option title="3DOnewProj" />
		<Option makefile="makefile" />
		<Option pch_mode="2" />
		<Option compiler="null" />
		<Build>
			<Target title="Debug">
				<Option output="bin/Debug/3DOnewProj" prefix_auto="1" extension_auto="1" />
				<Option object_output="obj/Debug/" />
				<Option type="1" />
				<Option compiler="null" />
			</Target>
			<Target title="Release">
				<Option output="bin/Release/3DOnewProj" prefix_auto="1" extension_auto="1" />
				<Option object_output="obj/Release/" />
				<Option type="1" />
				<Option compiler="null" />
			</Target>
		</Build>
		<Unit filename="ScriptMain.c">
			<Option compilerVar="CC" />
		</Unit>
		<Unit filename="ScriptMain.h" />
		<Unit filename="bitfonts.c">
			<Option compilerVar="CC" />
		</Unit>
		<Unit filename="bitfonts.h" />
		<Unit filename="main.c">
			<Option compilerVar="CC" />
		</Unit>
		<Unit filename="main.h" />
		<Unit filename="scene1.c">
			<Option compilerVar="CC" />
		</Unit>
		<Unit filename="scene1.h" />
		<Unit filename="sound.c">
			<Option compilerVar="CC" />
		</Unit>
		<Unit filename="sound.h" />
		<Unit filename="system_graphics.c">
			<Option compilerVar="CC" />
		</Unit>
		<Unit filename="system_graphics.h" />
		<Unit filename="tools.c">
			<Option compilerVar="CC" />
		</Unit>
		<Unit filename="tools.h" />
		<Extensions>
			<code_completion />
			<envvars />
			<debugger />
			<lib_finder disable_auto="1" />
		</Extensions>
	</Project>
</CodeBlocks_project_file>
